// !$*UTF8*$!
{
	archiveVersion = 1;
	classes = {
	};
	objectVersion = 46;
	objects = {

/* Begin PBXBuildFile section */
		6AE2A4FC1BB15F7200C61AE2 /* main.m in Sources */ = {isa = PBXBuildFile; fileRef = 6AE2A4FB1BB15F7200C61AE2 /* main.m */; };
		6AE2A4FF1BB15F7200C61AE2 /* AppDelegate.m in Sources */ = {isa = PBXBuildFile; fileRef = 6AE2A4FE1BB15F7200C61AE2 /* AppDelegate.m */; };
		6AE2A5021BB15F7200C61AE2 /* ViewController.m in Sources */ = {isa = PBXBuildFile; fileRef = 6AE2A5011BB15F7200C61AE2 /* ViewController.m */; };
		6AE2A5051BB15F7200C61AE2 /* Main.storyboard in Resources */ = {isa = PBXBuildFile; fileRef = 6AE2A5031BB15F7200C61AE2 /* Main.storyboard */; };
		6AE2A5071BB15F7200C61AE2 /* Assets.xcassets in Resources */ = {isa = PBXBuildFile; fileRef = 6AE2A5061BB15F7200C61AE2 /* Assets.xcassets */; };
/* End PBXBuildFile section */

/* Begin PBXFileReference section */
		6AE2A4F71BB15F7200C61AE2 /* 注册登录界面.app */ = {isa = PBXFileReference; explicitFileType = wrapper.application; includeInIndex = 0; path = "注册登录界面.app"; sourceTree = BUILT_PRODUCTS_DIR; };
		6AE2A4FB1BB15F7200C61AE2 /* main.m */ = {isa = PBXFileReference; lastKnownFileType = sourcecode.c.objc; path = main.m; sourceTree = "<group>"; };
		6AE2A4FD1BB15F7200C61AE2 /* AppDelegate.h */ = {isa = PBXFileReference; lastKnownFileType = sourcecode.c.h; path = AppDelegate.h; sourceTree = "<group>"; };
		6AE2A4FE1BB15F7200C61AE2 /* AppDelegate.m */ = {isa = PBXFileReference; lastKnownFileType = sourcecode.c.objc; path = AppDelegate.m; sourceTree = "<group>"; };
		6AE2A5001BB15F7200C61AE2 /* ViewController.h */ = {isa = PBXFileReference; lastKnownFileType = sourcecode.c.h; path = ViewController.h; sourceTree = "<group>"; };
		6AE2A5011BB15F7200C61AE2 /* ViewController.m */ = {isa = PBXFileReference; lastKnownFileType = sourcecode.c.objc; path = ViewController.m; sourceTree = "<group>"; };
		6AE2A5041BB15F7200C61AE2 /* Base */ = {isa = PBXFileReference; lastKnownFileType = file.storyboard; name = Base; path = Base.lproj/Main.storyboard; sourceTree = "<group>"; };
		6AE2A5061BB15F7200C61AE2 /* Assets.xcassets */ = {isa = PBXFileReference; lastKnownFileType = folder.assetcatalog; path = Assets.xcassets; sourceTree = "<group>"; };
		6AE2A50B1BB15F7200C61AE2 /* Info.plist */ = {isa = PBXFileReference; lastKnownFileType = text.plist.xml; path = Info.plist; sourceTree = "<group>"; };
/* End PBXFileReference section */

/* Begin PBXFrameworksBuildPhase section */
		6AE2A4F41BB15F7200C61AE2 /* Frameworks */ = {
			isa = PBXFrameworksBuildPhase;
			buildActionMask = 2147483647;
			files = (
			);
			runOnlyForDeploymentPostprocessing = 0;
		};
/* End PBXFrameworksBuildPhase section */

/* Begin PBXGroup section */
		6AE2A4EE1BB15F7200C61AE2 = {
			isa = PBXGroup;
			children = (
				6AE2A4F91BB15F7200C61AE2 /* 注册登录界面 */,
				6AE2A4F81BB15F7200C61AE2 /* Products */,
			);
			sourceTree = "<group>";
		};
		6AE2A4F81BB15F7200C61AE2 /* Products */ = {
			isa = PBXGroup;
			children = (
				6AE2A4F71BB15F7200C61AE2 /* 注册登录界面.app */,
			);
			name = Products;
			sourceTree = "<group>";
		};
		6AE2A4F91BB15F7200C61AE2 /* 注册登录界面 */ = {
			isa = PBXGroup;
			children = (
				6AE2A4FD1BB15F7200C61AE2 /* AppDelegate.h */,
				6AE2A4FE1BB15F7200C61AE2 /* AppDelegate.m */,
				6AE2A5001BB15F7200C61AE2 /* ViewController.h */,
				6AE2A5011BB15F7200C61AE2 /* ViewController.m */,
				6AE2A5031BB15F7200C61AE2 /* Main.storyboard */,
				6AE2A5061BB15F7200C61AE2 /* Assets.xcassets */,
				6AE2A50B1BB15F7200C61AE2 /* Info.plist */,
				6AE2A4FA1BB15F7200C61AE2 /* Supporting Files */,
			);
			path = "注册登录界面";
			sourceTree = "<group>";
		};
		6AE2A4FA1BB15F7200C61AE2 /* Supporting Files */ = {
			isa = PBXGroup;
			children = (
				6AE2A4FB1BB15F7200C61AE2 /* main.m */,
			);
			name = "Supporting Files";
			sourceTree = "<group>";
		};
/* End PBXGroup section */

/* Begin PBXNativeTarget section */
		6AE2A4F61BB15F7200C61AE2 /* 注册登录界面 */ = {
			isa = PBXNativeTarget;
			buildConfigurationList = 6AE2A50E1BB15F7200C61AE2 /* Build configuration list for PBXNativeTarget "注册登录界面" */;
			buildPhases = (
				6AE2A4F31BB15F7200C61AE2 /* Sources */,
				6AE2A4F41BB15F7200C61AE2 /* Frameworks */,
				6AE2A4F51BB15F7200C61AE2 /* Resources */,
			);
			buildRules = (
			);
			dependencies = (
			);
			name = "注册登录界面";
			productName = "注册登录界面";
			productReference = 6AE2A4F71BB15F7200C61AE2 /* 注册登录界面.app */;
			productType = "com.apple.product-type.application";
		};
/* End PBXNativeTarget section */

/* Begin PBXProject section */
		6AE2A4EF1BB15F7200C61AE2 /* Project object */ = {
			isa = PBXProject;
			attributes = {
				LastUpgradeCheck = 0700;
				ORGANIZATIONNAME = Binboy;
				TargetAttributes = {
					6AE2A4F61BB15F7200C61AE2 = {
						CreatedOnToolsVersion = 7.0;
						DevelopmentTeam = 9SN638XV89;
					};
				};
			};
			buildConfigurationList = 6AE2A4F21BB15F7200C61AE2 /* Build configuration list for PBXProject "注册登录界面" */;
			compatibilityVersion = "Xcode 3.2";
			developmentRegion = English;
			hasScannedForEncodings = 0;
			knownRegions = (
				en,
				Base,
			);
			mainGroup = 6AE2A4EE1BB15F7200C61AE2;
			productRefGroup = 6AE2A4F81BB15F7200C61AE2 /* Products */;
			projectDirPath = "";
			projectRoot = "";
			targets = (
				6AE2A4F61BB15F7200C61AE2 /* 注册登录界面 */,
			);
		};
/* End PBXProject section */

/* Begin PBXResourcesBuildPhase section */
		6AE2A4F51BB15F7200C61AE2 /* Resources */ = {
			isa = PBXResourcesBuildPhase;
			buildActionMask = 2147483647;
			files = (
				6AE2A5071BB15F7200C61AE2 /* Assets.xcassets in Resources */,
				6AE2A5051BB15F7200C61AE2 /* Main.storyboard in Resources */,
			);
			runOnlyForDeploymentPostprocessing = 0;
		};
/* End PBXResourcesBuildPhase section */

/* Begin PBXSourcesBuildPhase section */
		6AE2A4F31BB15F7200C61AE2 /* Sources */ = {
			isa = PBXSourcesBuildPhase;
			buildActionMask = 2147483647;
			files = (
				6AE2A5021BB15F7200C61AE2 /* ViewController.m in Sources */,
				6AE2A4FF1BB15F7200C61AE2 /* AppDelegate.m in Sources */,
				6AE2A4FC1BB15F7200C61AE2 /* main.m in Sources */,
			);
			runOnlyForDeploymentPostprocessing = 0;
		};
/* End PBXSourcesBuildPhase section */

/* Begin PBXVariantGroup section */
		6AE2A5031BB15F7200C61AE2 /* Main.storyboard */ = {
			isa = PBXVariantGroup;
			children = (
				6AE2A5041BB15F7200C61AE2 /* Base */,
			);
			name = Main.storyboard;
			sourceTree = "<group>";
		};
/* End PBXVariantGroup section */

/* Begin XCBuildConfiguration section */
		6AE2A50C1BB15F7200C61AE2 /* Debug */ = {
			isa = XCBuildConfiguration;
			buildSettings = {
				ALWAYS_SEARCH_USER_PATHS = NO;
				CLANG_CXX_LANGUAGE_STANDARD = "gnu++0x";
				CLANG_CXX_LIBRARY = "libc++";
				CLANG_ENABLE_MODULES = YES;
				CLANG_ENABLE_OBJC_ARC = YES;
				CLANG_WARN_BOOL_CONVERSION = YES;
				CLANG_WARN_CONSTANT_CONVERSION = YES;
				CLANG_WARN_DIRECT_OBJC_ISA_USAGE = YES_ERROR;
				CLANG_WARN_EMPTY_BODY = YES;
				CLANG_WARN_ENUM_CONVERSION = YES;
				CLANG_WARN_INT_CONVERSION = YES;
				CLANG_WARN_OBJC_ROOT_CLASS = YES_ERROR;
				CLANG_WARN_UNREACHABLE_CODE = YES;
				CLANG_WARN__DUPLICATE_METHOD_MATCH = YES;
				"CODE_SIGN_IDENTITY[sdk=iphoneos*]" = "iPhone Developer";
				COPY_PHASE_STRIP = NO;
				DEBUG_INFORMATION_FORMAT = dwarf;
				ENABLE_STRICT_OBJC_MSGSEND = YES;
				ENABLE_TESTABILITY = YES;
				GCC_C_LANGUAGE_STANDARD = gnu99;
				GCC_DYNAMIC_NO_PIC = NO;
				GCC_NO_COMMON_BLOCKS = YES;
				GCC_OPTIMIZATION_LEVEL = 0;
				GCC_PREPROCESSOR_DEFINITIONS = (
					"DEBUG=1",
					"$(inherited)",
				);
				GCC_WARN_64_TO_32_BIT_CONVERSION = YES;
				GCC_WARN_ABOUT_RETURN_TYPE = YES_ERROR;
				GCC_WARN_UNDECLARED_SELECTOR = YES;
				GCC_WARN_UNINITIALIZED_AUTOS = YES_AGGRESSIVE;
				GCC_WARN_UNUSED_FUNCTION = YES;
				GCC_WARN_UNUSED_VARIABLE = YES;
				IPHONEOS_DEPLOYMENT_TARGET = 9.0;
				MTL_ENABLE_DEBUG_INFO = YES;
				ONLY_ACTIVE_ARCH = YES;
				SDKROOT = iphoneos;
			};
			name = Debug;
		};
		6AE2A50D1BB15F7200C61AE2 /* Release */ = {
			isa = XCBuildConfiguration;
			buildSettings = {
				ALWAYS_SEARCH_USER_PATHS = NO;
				CLANG_CXX_LANGUAGE_STANDARD = "gnu++0x";
				CLANG_CXX_LIBRARY = "libc++";
				CLANG_ENABLE_MODULES = YES;
				CLANG_ENABLE_OBJC_ARC = YES;
				CLANG_WARN_BOOL_CONVERSION = YES;
				CLANG_WARN_CONSTANT_CONVERSION = YES;
				CLANG_WARN_DIRECT_OBJC_ISA_USAGE = YES_ERROR;
				CLANG_WARN_EMPTY_BODY = YES;
				CLANG_WARN_ENUM_CONVERSION = YES;
				CLANG_WARN_INT_CONVERSION = YES;
				CLANG_WARN_OBJC_ROOT_CLASS = YES_ERROR;
				CLANG_WARN_UNREACHABLE_CODE = YES;
				CLANG_WARN__DUPLICATE_METHOD_MATCH = YES;
				"CODE_SIGN_IDENTITY[sdk=iphoneos*]" = "iPhone Developer";
				COPY_PHASE_STRIP = NO;
				DEBUG_INFORMATION_FORMAT = "dwarf-with-dsym";
				ENABLE_NS_ASSERTIONS = NO;
				ENABLE_STRICT_OBJC_MSGSEND = YES;
				GCC_C_LANGUAGE_STANDARD = gnu99;
				GCC_NO_COMMON_BLOCKS = YES;
				GCC_WARN_64_TO_32_BIT_CONVERSION = YES;
				GCC_WARN_ABOUT_RETURN_TYPE = YES_ERROR;
				GCC_WARN_UNDECLARED_SELECTOR = YES;
				GCC_WARN_UNINITIALIZED_AUTOS = YES_AGGRESSIVE;
				GCC_WARN_UNUSED_FUNCTION = YES;
				GCC_WARN_UNUSED_VARIABLE = YES;
				IPHONEOS_DEPLOYMENT_TARGET = 9.0;
				MTL_ENABLE_DEBUG_INFO = NO;
				SDKROOT = iphoneos;
				VALIDATE_PRODUCT = YES;
			};
			name = Release;
		};
		6AE2A50F1BB15F7200C61AE2 /* Debug */ = {
			isa = XCBuildConfiguration;
			buildSettings = {
				ASSETCATALOG_COMPILER_APPICON_NAME = AppIcon;
				INFOPLIST_FILE = "注册登录界面/Info.plist";
				IPHONEOS_DEPLOYMENT_TARGET = 7.0;
				LD_RUNPATH_SEARCH_PATHS = "$(inherited) @executable_path/Frameworks";
				PRODUCT_BUNDLE_IDENTIFIER = "Binboy.------";
				PRODUCT_NAME = "$(TARGET_NAME)";
			};
			name = Debug;
		};
		6AE2A5101BB15F7200C61AE2 /* Release */ = {
			isa = XCBuildConfiguration;
			buildSettings = {
				ASSETCATALOG_COMPILER_APPICON_NAME = AppIcon;
				INFOPLIST_FILE = "注册登录界面/Info.plist";
				IPHONEOS_DEPLOYMENT_TARGET = 7.0;
				LD_RUNPATH_SEARCH_PATHS = "$(inherited) @executable_path/Frameworks";
				PRODUCT_BUNDLE_IDENTIFIER = "Binboy.------";
				PRODUCT_NAME = "$(TARGET_NAME)";
			};
			name = Release;
		};
/* End XCBuildConfiguration section */

/* Begin XCConfigurationList section */
		6AE2A4F21BB15F7200C61AE2 /* Build configuration list for PBXProject "注册登录界面" */ = {
			isa = XCConfigurationList;
			buildConfigurations = (
				6AE2A50C1BB15F7200C61AE2 /* Debug */,
				6AE2A50D1BB15F7200C61AE2 /* Release */,
			);
			defaultConfigurationIsVisible = 0;
			defaultConfigurationName = Release;
		};
		6AE2A50E1BB15F7200C61AE2 /* Build configuration list for PBXNativeTarget "注册登录界面" */ = {
			isa = XCConfigurationList;
			buildConfigurations = (
				6AE2A50F1BB15F7200C61AE2 /* Debug */,
				6AE2A5101BB15F7200C61AE2 /* Release */,
			);
			defaultConfigurationIsVisible = 0;
		};
/* End XCConfigurationList section */
	};
	rootObject = 6AE2A4EF1BB15F7200C61AE2 /* Project object */;
}
